{
  "requires": true,
  "lockfileVersion": 1,
  "dependencies": {
    "echarts": {
      "version": "4.8.0",
      "resolved": "https://registry.npmjs.org/echarts/-/echarts-4.8.0.tgz",
      "integrity": "sha512-YwShpug8fWngj/RlgxDaYrLBoD+LsZUArrusjNPHpAF+is+gGe38xx4W848AwWMGoi745t3OXM52JedNrv+F6g==",
      "requires": {
        "zrender": "4.3.1"
      }
    },
    "events": {
      "version": "3.1.0",
      "resolved": "https://registry.npmjs.org/events/-/events-3.1.0.tgz",
      "integrity": "sha512-Rv+u8MLHNOdMjTAFeT3nCjHn2aGlx435FP/sDHNaRhDEMwyI/aB22Kj2qIN8R0cw3z28psEQLYwxVKLsKrMgWg=="
    },
    "gexf-writer": {
      "version": "git+https://github.com/danibrutal/gexf-writer.git#81425d7f2311daf6c884b1191cb4aac9616c1e3a",
      "from": "git+https://github.com/danibrutal/gexf-writer.git",
      "requires": {
        "requirejs": "^2.1.14",
        "xml-writer": "^1.4.1"
      }
    },
    "graphology-types": {
      "version": "0.15.5",
      "resolved": "https://registry.npmjs.org/graphology-types/-/graphology-types-0.15.5.tgz",
      "integrity": "sha512-2NONgcQ0KmzMoiLAOkk4AkyhrQsA4dfJKyGOMYUfz2sNBAR/VK3oPcalCg3ID7zDd4XSqE3rMtEt+G3KcUaLew=="
    },
    "graphology-utils": {
      "version": "1.7.0",
      "resolved": "https://registry.npmjs.org/graphology-utils/-/graphology-utils-1.7.0.tgz",
      "integrity": "sha512-g94E5O1FTws4E81AVKnCmxinDN1KRO7Zpysqd/j7Xjy2Qjs7DOnB3XHZUaS/Yk6D74LorBp7NJY5685IEkAh6g==",
      "requires": {
        "graphology-types": "^0.15.1"
      }
    },
    "node-fetch": {
      "version": "2.6.0",
      "resolved": "https://registry.npmjs.org/node-fetch/-/node-fetch-2.6.0.tgz",
      "integrity": "sha512-8dG4H5ujfvFiqDmVu9fQ5bOHUC15JMjMY/Zumv26oOvvVJjM67KF8koCWIabKQ1GJIa9r2mMZscBq/TbdOcmNA=="
    },
    "obliterator": {
      "version": "1.6.1",
      "resolved": "https://registry.npmjs.org/obliterator/-/obliterator-1.6.1.tgz",
      "integrity": "sha512-9WXswnqINnnhOG/5SLimUlzuU1hFJUc8zkwyD59Sd+dPOMf05PmnYG/d6Q7HZ+KmgkZJa1PxRso6QdM3sTNHig=="
    },
    "requirejs": {
      "version": "2.3.6",
      "resolved": "https://registry.npmjs.org/requirejs/-/requirejs-2.3.6.tgz",
      "integrity": "sha512-ipEzlWQe6RK3jkzikgCupiTbTvm4S0/CAU5GlgptkN5SO6F3u0UD0K18wy6ErDqiCyP4J4YYe1HuAShvsxePLg=="
    },
    "xml-writer": {
      "version": "1.7.0",
      "resolved": "https://registry.npmjs.org/xml-writer/-/xml-writer-1.7.0.tgz",
      "integrity": "sha1-t28dWRwWomNOvbcDx729D9aBkGU="
    },
    "xmldom": {
      "version": "0.1.31",
      "resolved": "https://registry.npmjs.org/xmldom/-/xmldom-0.1.31.tgz",
      "integrity": "sha512-yS2uJflVQs6n+CyjHoaBmVSqIDevTAWrzMmjG1Gc7h1qQ7uVozNhEPJAwZXWyGQ/Gafo3fCwrcaokezLPupVyQ=="
    },
    "zrender": {
      "version": "4.3.1",
      "resolved": "https://registry.npmjs.org/zrender/-/zrender-4.3.1.tgz",
      "integrity": "sha512-CeH2TpJeCdG0TAGYoPSAcFX2ogdug1K7LIn9UO/q9HWqQ54gWhrMAlDP9AwWYMUDhrPe4VeazQ4DW3msD96nUQ=="
    }
  }
}
